
Microsoft Visual Studio Solution File, Format Version 12.00
# Visual Studio Version 16
VisualStudioVersion = 16.0.31205.134
MinimumVisualStudioVersion = 10.0.40219.1
Project("{FAE04EC0-301F-11D3-BF4B-00C04F79EFBC}") = "LINQ Count", "LINQ Count.csproj", "{42F24927-B479-444F-AF40-D3EBC61C0B00}"
EndProject
Global
	GlobalSection(SolutionConfigurationPlatforms) = preSolution
		Debug|Any CPU = Debug|Any CPU
		Release|Any CPU = Release|Any CPU
	EndGlobalSection
	GlobalSection(ProjectConfigurationPlatforms) = postSolution
		{42F24927-B479-444F-AF40-D3EBC61C0B00}.Debug|Any CPU.ActiveCfg = Debug|Any CPU
		{42F24927-B479-444F-AF40-D3EBC61C0B00}.Debug|Any CPU.Build.0 = Debug|Any CPU
		{42F24927-B479-444F-AF40-D3EBC61C0B00}.Release|Any CPU.ActiveCfg = Release|Any CPU
		{42F24927-B479-444F-AF40-D3EBC61C0B00}.Release|Any CPU.Build.0 = Release|Any CPU
	EndGlobalSection
	GlobalSection(SolutionProperties) = preSolution
		HideSolutionNode = FALSE
	EndGlobalSection
	GlobalSection(ExtensibilityGlobals) = postSolution
		SolutionGuid = {00D66651-705F-4E4B-AF68-E4C5E990CB54}
	EndGlobalSection
EndGlobal
